
Microsoft Visual Studio Solution File, Format Version 12.00
# Visual Studio Version 16
VisualStudioVersion = 16.0.29306.81
MinimumVisualStudioVersion = 10.0.40219.1
Project("{FAE04EC0-301F-11D3-BF4B-00C04F79EFBC}") = "TiendaDeInformatica", "TiendaDeInformatica\TiendaDeInformatica.csproj", "{425658DA-E56E-4D4B-AFA3-21A5B2AA67AF}"
EndProject
Global
	GlobalSection(SolutionConfigurationPlatforms) = preSolution
		Debug|Any CPU = Debug|Any CPU
		Release|Any CPU = Release|Any CPU
	EndGlobalSection
	GlobalSection(ProjectConfigurationPlatforms) = postSolution
		{425658DA-E56E-4D4B-AFA3-21A5B2AA67AF}.Debug|Any CPU.ActiveCfg = Debug|Any CPU
		{425658DA-E56E-4D4B-AFA3-21A5B2AA67AF}.Debug|Any CPU.Build.0 = Debug|Any CPU
		{425658DA-E56E-4D4B-AFA3-21A5B2AA67AF}.Release|Any CPU.ActiveCfg = Release|Any CPU
		{425658DA-E56E-4D4B-AFA3-21A5B2AA67AF}.Release|Any CPU.Build.0 = Release|Any CPU
	EndGlobalSection
	GlobalSection(SolutionProperties) = preSolution
		HideSolutionNode = FALSE
	EndGlobalSection
	GlobalSection(ExtensibilityGlobals) = postSolution
		SolutionGuid = {723E5013-C78C-4BA5-8B83-72714CE35766}
	EndGlobalSection
EndGlobal
